
Microsoft Visual Studio Solution File, Format Version 12.00
# Visual Studio Version 16
VisualStudioVersion = 16.0.31129.286
MinimumVisualStudioVersion = 10.0.40219.1
Project("{FAE04EC0-301F-11D3-BF4B-00C04F79EFBC}") = "PC", "PC\PC.csproj", "{D5F62C4A-6347-4071-BB7E-2EFC61202F2B}"
EndProject
Global
	GlobalSection(SolutionConfigurationPlatforms) = preSolution
		Debug|Any CPU = Debug|Any CPU
		Release|Any CPU = Release|Any CPU
	EndGlobalSection
	GlobalSection(ProjectConfigurationPlatforms) = postSolution
		{D5F62C4A-6347-4071-BB7E-2EFC61202F2B}.Debug|Any CPU.ActiveCfg = Debug|Any CPU
		{D5F62C4A-6347-4071-BB7E-2EFC61202F2B}.Debug|Any CPU.Build.0 = Debug|Any CPU
		{D5F62C4A-6347-4071-BB7E-2EFC61202F2B}.Release|Any CPU.ActiveCfg = Release|Any CPU
		{D5F62C4A-6347-4071-BB7E-2EFC61202F2B}.Release|Any CPU.Build.0 = Release|Any CPU
	EndGlobalSection
	GlobalSection(SolutionProperties) = preSolution
		HideSolutionNode = FALSE
	EndGlobalSection
	GlobalSection(ExtensibilityGlobals) = postSolution
		SolutionGuid = {6E2B9012-936F-4861-938B-DE9DD55BFF9D}
	EndGlobalSection
EndGlobal
